PODS:
  - Flutter (1.0.0)
  - gpu_image (0.0.1):
    - Flutter
    - UDGPUImage2
  - UDGPUImage2 (1.0.0)

DEPENDENCIES:
  - Flutter (from `Flutter`)
  - gpu_image (from `.symlinks/plugins/gpu_image/ios`)

SPEC REPOS:
  trunk:
    - UDGPUImage2

EXTERNAL SOURCES:
  Flutter:
    :path: Flutter
  gpu_image:
    :path: ".symlinks/plugins/gpu_image/ios"

SPEC CHECKSUMS:
  Flutter: 50d75fe2f02b26cc09d224853bb45737f8b3214a
  gpu_image: da10042d77ef9b120f257ae72e07e42f8351ce91
  UDGPUImage2: 7365dd6cce084e9ed0231370cbfabbf430fa23e4

PODFILE CHECKSUM: aafe91acc616949ddb318b77800a7f51bffa2a4c

COCOAPODS: 1.11.3
